{
  "lockfile_version": "1",
  "packages": {
    "cypress@13.17.0": {
      "last_modified": "2025-03-13T11:38:39Z",
      "resolved": "github:NixOS/nixpkgs/573c650e8a14b2faa0041645ab18aed7e60f0c9a#cypress",
      "source": "devbox-search",
      "version": "13.17.0",
      "systems": {
        "aarch64-darwin": {
          "outputs": [
            {
              "name": "out",
              "path": "/nix/store/f1yk24n78gb0jrsppj83a75sznj0r710-cypress-13.17.0",
              "default": true
            }
          ],
          "store_path": "/nix/store/f1yk24n78gb0jrsppj83a75sznj0r710-cypress-13.17.0"
        },
        "aarch64-linux": {
          "outputs": [
            {
              "name": "out",
              "path": "/nix/store/jcp9vf1xydcpsgqf9y1x1fkx1hz2h53d-cypress-13.17.0",
              "default": true
            }
          ],
          "store_path": "/nix/store/jcp9vf1xydcpsgqf9y1x1fkx1hz2h53d-cypress-13.17.0"
        },
        "x86_64-darwin": {
          "outputs": [
            {
              "name": "out",
              "path": "/nix/store/04fhsahbh2jg88m9wd369znbsxj887lk-cypress-13.17.0",
              "default": true
            }
          ],
          "store_path": "/nix/store/04fhsahbh2jg88m9wd369znbsxj887lk-cypress-13.17.0"
        },
        "x86_64-linux": {
          "outputs": [
            {
              "name": "out",
              "path": "/nix/store/d63iiyw7dxhl7d8cvaralj2xzghdlim0-cypress-13.17.0",
              "default": true
            }
          ],
          "store_path": "/nix/store/d63iiyw7dxhl7d8cvaralj2xzghdlim0-cypress-13.17.0"
        }
      }
    },
    "docker@latest": {
      "last_modified": "2025-03-11T17:52:14Z",
      "resolved": "github:NixOS/nixpkgs/0d534853a55b5d02a4ababa1d71921ce8f0aee4c#docker",
      "source": "devbox-search",
      "version": "27.5.1",
      "systems": {
        "aarch64-darwin": {
          "outputs": [
            {
              "name": "out",
              "path": "/nix/store/r3bnfs9i0fs8f7zvws56ff7jvxa7l6dw-docker-27.5.1",
              "default": true
            }
          ],
          "store_path": "/nix/store/r3bnfs9i0fs8f7zvws56ff7jvxa7l6dw-docker-27.5.1"
        },
        "aarch64-linux": {
          "outputs": [
            {
              "name": "out",
              "path": "/nix/store/g44x3mhdkwiqlxyxynwc28qzl0d7mcx2-docker-27.5.1",
              "default": true
            }
          ],
          "store_path": "/nix/store/g44x3mhdkwiqlxyxynwc28qzl0d7mcx2-docker-27.5.1"
        },
        "x86_64-darwin": {
          "outputs": [
            {
              "name": "out",
              "path": "/nix/store/w8xv8gg4vbcdavb54aji5jna0ljl25z3-docker-27.5.1",
              "default": true
            }
          ],
          "store_path": "/nix/store/w8xv8gg4vbcdavb54aji5jna0ljl25z3-docker-27.5.1"
        },
        "x86_64-linux": {
          "outputs": [
            {
              "name": "out",
              "path": "/nix/store/pkc753xpjd6kycn8q637d6s7x2aqs1a4-docker-27.5.1",
              "default": true
            }
          ],
          "store_path": "/nix/store/pkc753xpjd6kycn8q637d6s7x2aqs1a4-docker-27.5.1"
        }
      }
    },
    "go-task@latest": {
      "last_modified": "2025-03-11T17:52:14Z",
      "resolved": "github:NixOS/nixpkgs/0d534853a55b5d02a4ababa1d71921ce8f0aee4c#go-task",
      "source": "devbox-search",
      "version": "3.41.0",
      "systems": {
        "aarch64-darwin": {
          "outputs": [
            {
              "name": "out",
              "path": "/nix/store/kgfbhsp4ixr3kl5m2vhciw8v13czfml6-go-task-3.41.0",
              "default": true
            }
          ],
          "store_path": "/nix/store/kgfbhsp4ixr3kl5m2vhciw8v13czfml6-go-task-3.41.0"
        },
        "aarch64-linux": {
          "outputs": [
            {
              "name": "out",
              "path": "/nix/store/5cv7cd074cvldbldwn17s9ay235c9kma-go-task-3.41.0",
              "default": true
            }
          ],
          "store_path": "/nix/store/5cv7cd074cvldbldwn17s9ay235c9kma-go-task-3.41.0"
        },
        "x86_64-darwin": {
          "outputs": [
            {
              "name": "out",
              "path": "/nix/store/slgvld5bfxl4caqi5jwwd583ay12cikj-go-task-3.41.0",
              "default": true
            }
          ],
          "store_path": "/nix/store/slgvld5bfxl4caqi5jwwd583ay12cikj-go-task-3.41.0"
        },
        "x86_64-linux": {
          "outputs": [
            {
              "name": "out",
              "path": "/nix/store/5q8536rllwzmf8gf6h0jw678pxy7ndbx-go-task-3.41.0",
              "default": true
            }
          ],
          "store_path": "/nix/store/5q8536rllwzmf8gf6h0jw678pxy7ndbx-go-task-3.41.0"
        }
      }
    },
    "nodejs@latest": {
      "last_modified": "2025-03-11T17:52:14Z",
      "plugin_version": "0.0.2",
      "resolved": "github:NixOS/nixpkgs/0d534853a55b5d02a4ababa1d71921ce8f0aee4c#nodejs_23",
      "source": "devbox-search",
      "version": "23.9.0",
      "systems": {
        "aarch64-darwin": {
          "outputs": [
            {
              "name": "out",
              "path": "/nix/store/9l10wmw90rm34bvywk35bhzyk2gj4p35-nodejs-23.9.0",
              "default": true
            },
            {
              "name": "libv8",
              "path": "/nix/store/1chpq1vc4i1y8mkd51svcgjwdax7f46s-nodejs-23.9.0-libv8"
            }
          ],
          "store_path": "/nix/store/9l10wmw90rm34bvywk35bhzyk2gj4p35-nodejs-23.9.0"
        },
        "aarch64-linux": {
          "outputs": [
            {
              "name": "out",
              "path": "/nix/store/ilsvh6jyc418brlgmsn4h2zv7ria9xjq-nodejs-23.9.0",
              "default": true
            },
            {
              "name": "libv8",
              "path": "/nix/store/308lkql416i82gps52832pr1v20bg02p-nodejs-23.9.0-libv8"
            }
          ],
          "store_path": "/nix/store/ilsvh6jyc418brlgmsn4h2zv7ria9xjq-nodejs-23.9.0"
        },
        "x86_64-darwin": {
          "outputs": [
            {
              "name": "out",
              "path": "/nix/store/526yv5a898wrq6jwjjmbjs4ic2y4979h-nodejs-23.9.0",
              "default": true
            },
            {
              "name": "libv8",
              "path": "/nix/store/8213gq3iqbfyxgmwkhf8yf2nx1mzp2aa-nodejs-23.9.0-libv8"
            }
          ],
          "store_path": "/nix/store/526yv5a898wrq6jwjjmbjs4ic2y4979h-nodejs-23.9.0"
        },
        "x86_64-linux": {
          "outputs": [
            {
              "name": "out",
              "path": "/nix/store/vrkmkzd2f1z6ywqc347p2szz0yvi9g02-nodejs-23.9.0",
              "default": true
            },
            {
              "name": "libv8",
              "path": "/nix/store/wk1nf6dradmfhmb3ws9dsqvxnj6dbgg5-nodejs-23.9.0-libv8"
            }
          ],
          "store_path": "/nix/store/vrkmkzd2f1z6ywqc347p2szz0yvi9g02-nodejs-23.9.0"
        }
      }
    }
  }
}
